// !$*UTF8*$!
{
	archiveVersion = 1;
	classes = {
	};
	objectVersion = 50;
	objects = {

/* Begin PBXBuildFile section */
		239E8CBD2182F1D5006209A6 /* AppDelegate.swift in Sources */ = {isa = PBXBuildFile; fileRef = 239E8CBC2182F1D5006209A6 /* AppDelegate.swift */; };
		239E8CBF2182F1D5006209A6 /* ViewController.swift in Sources */ = {isa = PBXBuildFile; fileRef = 239E8CBE2182F1D5006209A6 /* ViewController.swift */; };
		239E8CC22182F1D5006209A6 /* Main.storyboard in Resources */ = {isa = PBXBuildFile; fileRef = 239E8CC02182F1D5006209A6 /* Main.storyboard */; };
		239E8CC42182F1D6006209A6 /* Assets.xcassets in Resources */ = {isa = PBXBuildFile; fileRef = 239E8CC32182F1D6006209A6 /* Assets.xcassets */; };
		239E8CC72182F1D6006209A6 /* LaunchScreen.storyboard in Resources */ = {isa = PBXBuildFile; fileRef = 239E8CC52182F1D6006209A6 /* LaunchScreen.storyboard */; };
		239E8CF621830D8A006209A6 /* NSObjectObjective-C.m in Sources */ = {isa = PBXBuildFile; fileRef = 239E8CF521830D8A006209A6 /* NSObjectObjective-C.m */; };
		239E8CF821830D9C006209A6 /* NSObjectSwift.swift in Sources */ = {isa = PBXBuildFile; fileRef = 239E8CF721830D9C006209A6 /* NSObjectSwift.swift */; };
		239E8CFD21830DC7006209A6 /* UICollectionReusableViewObjective-C.m in Sources */ = {isa = PBXBuildFile; fileRef = 239E8CFC21830DC7006209A6 /* UICollectionReusableViewObjective-C.m */; };
		239E8CFF21830DD3006209A6 /* UICollectionReusableViewSwift.swift in Sources */ = {isa = PBXBuildFile; fileRef = 239E8CFE21830DD3006209A6 /* UICollectionReusableViewSwift.swift */; };
		239E8D0321830DE1006209A6 /* UICollectionReusableViewXIBObjective-C.m in Sources */ = {isa = PBXBuildFile; fileRef = 239E8D0121830DE1006209A6 /* UICollectionReusableViewXIBObjective-C.m */; };
		239E8D0421830DE1006209A6 /* UICollectionReusableViewXIBObjective-C.xib in Resources */ = {isa = PBXBuildFile; fileRef = 239E8D0221830DE1006209A6 /* UICollectionReusableViewXIBObjective-C.xib */; };
		239E8D0721830DEE006209A6 /* UICollectionReusableViewXIBSwift.swift in Sources */ = {isa = PBXBuildFile; fileRef = 239E8D0521830DEE006209A6 /* UICollectionReusableViewXIBSwift.swift */; };
		239E8D0821830DEE006209A6 /* UICollectionReusableViewXIBSwift.xib in Resources */ = {isa = PBXBuildFile; fileRef = 239E8D0621830DEE006209A6 /* UICollectionReusableViewXIBSwift.xib */; };
		239E8D0B21830E00006209A6 /* UICollectionViewCellObjective-C.m in Sources */ = {isa = PBXBuildFile; fileRef = 239E8D0A21830E00006209A6 /* UICollectionViewCellObjective-C.m */; };
		239E8D0D21830E0C006209A6 /* UICollectionViewCellSwift.swift in Sources */ = {isa = PBXBuildFile; fileRef = 239E8D0C21830E0C006209A6 /* UICollectionViewCellSwift.swift */; };
		239E8D1121830E1A006209A6 /* UICollectionViewCellXIBObjective-C.m in Sources */ = {isa = PBXBuildFile; fileRef = 239E8D0F21830E1A006209A6 /* UICollectionViewCellXIBObjective-C.m */; };
		239E8D1221830E1A006209A6 /* UICollectionViewCellXIBObjective-C.xib in Resources */ = {isa = PBXBuildFile; fileRef = 239E8D1021830E1A006209A6 /* UICollectionViewCellXIBObjective-C.xib */; };
		239E8D1521830E26006209A6 /* UICollectionViewCellXIBSwift.swift in Sources */ = {isa = PBXBuildFile; fileRef = 239E8D1321830E26006209A6 /* UICollectionViewCellXIBSwift.swift */; };
		239E8D1621830E26006209A6 /* UICollectionViewCellXIBSwift.xib in Resources */ = {isa = PBXBuildFile; fileRef = 239E8D1421830E26006209A6 /* UICollectionViewCellXIBSwift.xib */; };
		239E8D1921830E37006209A6 /* UICollectionViewControllerObjective-C.m in Sources */ = {isa = PBXBuildFile; fileRef = 239E8D1821830E37006209A6 /* UICollectionViewControllerObjective-C.m */; };
		239E8D1B21830E44006209A6 /* UICollectionViewControllerSwift.swift in Sources */ = {isa = PBXBuildFile; fileRef = 239E8D1A21830E44006209A6 /* UICollectionViewControllerSwift.swift */; };
		239E8D1F21830E52006209A6 /* UICollectionViewControllerXIBObjective-C.m in Sources */ = {isa = PBXBuildFile; fileRef = 239E8D1D21830E52006209A6 /* UICollectionViewControllerXIBObjective-C.m */; };
		239E8D2021830E52006209A6 /* UICollectionViewControllerXIBObjective-C.xib in Resources */ = {isa = PBXBuildFile; fileRef = 239E8D1E21830E52006209A6 /* UICollectionViewControllerXIBObjective-C.xib */; };
		239E8D2321830E60006209A6 /* UICollectionViewControllerXIBSwift.swift in Sources */ = {isa = PBXBuildFile; fileRef = 239E8D2121830E60006209A6 /* UICollectionViewControllerXIBSwift.swift */; };
		239E8D2421830E60006209A6 /* UICollectionViewControllerXIBSwift.xib in Resources */ = {isa = PBXBuildFile; fileRef = 239E8D2221830E60006209A6 /* UICollectionViewControllerXIBSwift.xib */; };
		239E8D2721830EB1006209A6 /* UITableViewCellObjective-C.m in Sources */ = {isa = PBXBuildFile; fileRef = 239E8D2621830EB1006209A6 /* UITableViewCellObjective-C.m */; };
		239E8D2921830EBF006209A6 /* UITableViewCellSwift.swift in Sources */ = {isa = PBXBuildFile; fileRef = 239E8D2821830EBF006209A6 /* UITableViewCellSwift.swift */; };
		239E8D2D21830ECB006209A6 /* UITableViewCellXIBObjective-C.m in Sources */ = {isa = PBXBuildFile; fileRef = 239E8D2B21830ECB006209A6 /* UITableViewCellXIBObjective-C.m */; };
		239E8D2E21830ECB006209A6 /* UITableViewCellXIBObjective-C.xib in Resources */ = {isa = PBXBuildFile; fileRef = 239E8D2C21830ECB006209A6 /* UITableViewCellXIBObjective-C.xib */; };
		239E8D3121830EDE006209A6 /* UITableViewCellXIBSwift.swift in Sources */ = {isa = PBXBuildFile; fileRef = 239E8D2F21830EDE006209A6 /* UITableViewCellXIBSwift.swift */; };
		239E8D3221830EDE006209A6 /* UITableViewCellXIBSwift.xib in Resources */ = {isa = PBXBuildFile; fileRef = 239E8D3021830EDE006209A6 /* UITableViewCellXIBSwift.xib */; };
		239E8D3521830EF2006209A6 /* UITableViewControllerObjective-C.m in Sources */ = {isa = PBXBuildFile; fileRef = 239E8D3421830EF2006209A6 /* UITableViewControllerObjective-C.m */; };
		239E8D3721830EFE006209A6 /* UITableViewControllerSwift.swift in Sources */ = {isa = PBXBuildFile; fileRef = 239E8D3621830EFE006209A6 /* UITableViewControllerSwift.swift */; };
		239E8D3B21830F0C006209A6 /* UITableViewControllerXIBObjective-C.m in Sources */ = {isa = PBXBuildFile; fileRef = 239E8D3921830F0C006209A6 /* UITableViewControllerXIBObjective-C.m */; };
		239E8D3C21830F0C006209A6 /* UITableViewControllerXIBObjective-C.xib in Resources */ = {isa = PBXBuildFile; fileRef = 239E8D3A21830F0C006209A6 /* UITableViewControllerXIBObjective-C.xib */; };
		239E8D3F21830F1A006209A6 /* UITableViewControllerXIBSwift.swift in Sources */ = {isa = PBXBuildFile; fileRef = 239E8D3D21830F1A006209A6 /* UITableViewControllerXIBSwift.swift */; };
		239E8D4021830F1A006209A6 /* UITableViewControllerXIBSwift.xib in Resources */ = {isa = PBXBuildFile; fileRef = 239E8D3E21830F1A006209A6 /* UITableViewControllerXIBSwift.xib */; };
		239E8D4321830F2E006209A6 /* UIViewControllerObjective-C.m in Sources */ = {isa = PBXBuildFile; fileRef = 239E8D4221830F2E006209A6 /* UIViewControllerObjective-C.m */; };
		239E8D4521830F39006209A6 /* UIViewControllerSwift.swift in Sources */ = {isa = PBXBuildFile; fileRef = 239E8D4421830F39006209A6 /* UIViewControllerSwift.swift */; };
		239E8D4921830F4A006209A6 /* UIViewControllerXIBObjective-C.m in Sources */ = {isa = PBXBuildFile; fileRef = 239E8D4721830F4A006209A6 /* UIViewControllerXIBObjective-C.m */; };
		239E8D4A21830F4A006209A6 /* UIViewControllerXIBObjective-C.xib in Resources */ = {isa = PBXBuildFile; fileRef = 239E8D4821830F4A006209A6 /* UIViewControllerXIBObjective-C.xib */; };
		239E8D4D21830F59006209A6 /* UIViewControllerXIBSwift.swift in Sources */ = {isa = PBXBuildFile; fileRef = 239E8D4B21830F59006209A6 /* UIViewControllerXIBSwift.swift */; };
		239E8D4E21830F59006209A6 /* UIViewControllerXIBSwift.xib in Resources */ = {isa = PBXBuildFile; fileRef = 239E8D4C21830F59006209A6 /* UIViewControllerXIBSwift.xib */; };
		239E8D5121830F65006209A6 /* UIViewObjective-C.m in Sources */ = {isa = PBXBuildFile; fileRef = 239E8D5021830F65006209A6 /* UIViewObjective-C.m */; };
		239E8D5321830F6F006209A6 /* UIViewSwift.swift in Sources */ = {isa = PBXBuildFile; fileRef = 239E8D5221830F6F006209A6 /* UIViewSwift.swift */; };
/* End PBXBuildFile section */

/* Begin PBXFileReference section */
		239E8CB92182F1D5006209A6 /* xctemplate-example.app */ = {isa = PBXFileReference; explicitFileType = wrapper.application; includeInIndex = 0; path = "xctemplate-example.app"; sourceTree = BUILT_PRODUCTS_DIR; };
		239E8CBC2182F1D5006209A6 /* AppDelegate.swift */ = {isa = PBXFileReference; lastKnownFileType = sourcecode.swift; path = AppDelegate.swift; sourceTree = "<group>"; };
		239E8CBE2182F1D5006209A6 /* ViewController.swift */ = {isa = PBXFileReference; lastKnownFileType = sourcecode.swift; path = ViewController.swift; sourceTree = "<group>"; };
		239E8CC12182F1D5006209A6 /* Base */ = {isa = PBXFileReference; lastKnownFileType = file.storyboard; name = Base; path = Base.lproj/Main.storyboard; sourceTree = "<group>"; };
		239E8CC32182F1D6006209A6 /* Assets.xcassets */ = {isa = PBXFileReference; lastKnownFileType = folder.assetcatalog; path = Assets.xcassets; sourceTree = "<group>"; };
		239E8CC62182F1D6006209A6 /* Base */ = {isa = PBXFileReference; lastKnownFileType = file.storyboard; name = Base; path = Base.lproj/LaunchScreen.storyboard; sourceTree = "<group>"; };
		239E8CC82182F1D6006209A6 /* Info.plist */ = {isa = PBXFileReference; lastKnownFileType = text.plist.xml; path = Info.plist; sourceTree = "<group>"; };
		239E8CD02182F204006209A6 /* xctemplate-example-Bridging-Header.h */ = {isa = PBXFileReference; lastKnownFileType = sourcecode.c.h; path = "xctemplate-example-Bridging-Header.h"; sourceTree = "<group>"; };
		239E8CF421830D8A006209A6 /* NSObjectObjective-C.h */ = {isa = PBXFileReference; lastKnownFileType = sourcecode.c.h; path = "NSObjectObjective-C.h"; sourceTree = "<group>"; };
		239E8CF521830D8A006209A6 /* NSObjectObjective-C.m */ = {isa = PBXFileReference; lastKnownFileType = sourcecode.c.objc; path = "NSObjectObjective-C.m"; sourceTree = "<group>"; };
		239E8CF721830D9C006209A6 /* NSObjectSwift.swift */ = {isa = PBXFileReference; lastKnownFileType = sourcecode.swift; path = NSObjectSwift.swift; sourceTree = "<group>"; };
		239E8CFB21830DC7006209A6 /* UICollectionReusableViewObjective-C.h */ = {isa = PBXFileReference; lastKnownFileType = sourcecode.c.h; path = "UICollectionReusableViewObjective-C.h"; sourceTree = "<group>"; };
		239E8CFC21830DC7006209A6 /* UICollectionReusableViewObjective-C.m */ = {isa = PBXFileReference; lastKnownFileType = sourcecode.c.objc; path = "UICollectionReusableViewObjective-C.m"; sourceTree = "<group>"; };
		239E8CFE21830DD3006209A6 /* UICollectionReusableViewSwift.swift */ = {isa = PBXFileReference; lastKnownFileType = sourcecode.swift; path = UICollectionReusableViewSwift.swift; sourceTree = "<group>"; };
		239E8D0021830DE1006209A6 /* UICollectionReusableViewXIBObjective-C.h */ = {isa = PBXFileReference; lastKnownFileType = sourcecode.c.h; path = "UICollectionReusableViewXIBObjective-C.h"; sourceTree = "<group>"; };
		239E8D0121830DE1006209A6 /* UICollectionReusableViewXIBObjective-C.m */ = {isa = PBXFileReference; lastKnownFileType = sourcecode.c.objc; path = "UICollectionReusableViewXIBObjective-C.m"; sourceTree = "<group>"; };
		239E8D0221830DE1006209A6 /* UICollectionReusableViewXIBObjective-C.xib */ = {isa = PBXFileReference; lastKnownFileType = file.xib; path = "UICollectionReusableViewXIBObjective-C.xib"; sourceTree = "<group>"; };
		239E8D0521830DEE006209A6 /* UICollectionReusableViewXIBSwift.swift */ = {isa = PBXFileReference; lastKnownFileType = sourcecode.swift; path = UICollectionReusableViewXIBSwift.swift; sourceTree = "<group>"; };
		239E8D0621830DEE006209A6 /* UICollectionReusableViewXIBSwift.xib */ = {isa = PBXFileReference; lastKnownFileType = file.xib; path = UICollectionReusableViewXIBSwift.xib; sourceTree = "<group>"; };
		239E8D0921830E00006209A6 /* UICollectionViewCellObjective-C.h */ = {isa = PBXFileReference; lastKnownFileType = sourcecode.c.h; path = "UICollectionViewCellObjective-C.h"; sourceTree = "<group>"; };
		239E8D0A21830E00006209A6 /* UICollectionViewCellObjective-C.m */ = {isa = PBXFileReference; lastKnownFileType = sourcecode.c.objc; path = "UICollectionViewCellObjective-C.m"; sourceTree = "<group>"; };
		239E8D0C21830E0C006209A6 /* UICollectionViewCellSwift.swift */ = {isa = PBXFileReference; lastKnownFileType = sourcecode.swift; path = UICollectionViewCellSwift.swift; sourceTree = "<group>"; };
		239E8D0E21830E1A006209A6 /* UICollectionViewCellXIBObjective-C.h */ = {isa = PBXFileReference; lastKnownFileType = sourcecode.c.h; path = "UICollectionViewCellXIBObjective-C.h"; sourceTree = "<group>"; };
		239E8D0F21830E1A006209A6 /* UICollectionViewCellXIBObjective-C.m */ = {isa = PBXFileReference; lastKnownFileType = sourcecode.c.objc; path = "UICollectionViewCellXIBObjective-C.m"; sourceTree = "<group>"; };
		239E8D1021830E1A006209A6 /* UICollectionViewCellXIBObjective-C.xib */ = {isa = PBXFileReference; lastKnownFileType = file.xib; path = "UICollectionViewCellXIBObjective-C.xib"; sourceTree = "<group>"; };
		239E8D1321830E26006209A6 /* UICollectionViewCellXIBSwift.swift */ = {isa = PBXFileReference; lastKnownFileType = sourcecode.swift; path = UICollectionViewCellXIBSwift.swift; sourceTree = "<group>"; };
		239E8D1421830E26006209A6 /* UICollectionViewCellXIBSwift.xib */ = {isa = PBXFileReference; lastKnownFileType = file.xib; path = UICollectionViewCellXIBSwift.xib; sourceTree = "<group>"; };
		239E8D1721830E37006209A6 /* UICollectionViewControllerObjective-C.h */ = {isa = PBXFileReference; lastKnownFileType = sourcecode.c.h; path = "UICollectionViewControllerObjective-C.h"; sourceTree = "<group>"; };
		239E8D1821830E37006209A6 /* UICollectionViewControllerObjective-C.m */ = {isa = PBXFileReference; lastKnownFileType = sourcecode.c.objc; path = "UICollectionViewControllerObjective-C.m"; sourceTree = "<group>"; };
		239E8D1A21830E44006209A6 /* UICollectionViewControllerSwift.swift */ = {isa = PBXFileReference; lastKnownFileType = sourcecode.swift; path = UICollectionViewControllerSwift.swift; sourceTree = "<group>"; };
		239E8D1C21830E52006209A6 /* UICollectionViewControllerXIBObjective-C.h */ = {isa = PBXFileReference; lastKnownFileType = sourcecode.c.h; path = "UICollectionViewControllerXIBObjective-C.h"; sourceTree = "<group>"; };
		239E8D1D21830E52006209A6 /* UICollectionViewControllerXIBObjective-C.m */ = {isa = PBXFileReference; lastKnownFileType = sourcecode.c.objc; path = "UICollectionViewControllerXIBObjective-C.m"; sourceTree = "<group>"; };
		239E8D1E21830E52006209A6 /* UICollectionViewControllerXIBObjective-C.xib */ = {isa = PBXFileReference; lastKnownFileType = file.xib; path = "UICollectionViewControllerXIBObjective-C.xib"; sourceTree = "<group>"; };
		239E8D2121830E60006209A6 /* UICollectionViewControllerXIBSwift.swift */ = {isa = PBXFileReference; lastKnownFileType = sourcecode.swift; path = UICollectionViewControllerXIBSwift.swift; sourceTree = "<group>"; };
		239E8D2221830E60006209A6 /* UICollectionViewControllerXIBSwift.xib */ = {isa = PBXFileReference; lastKnownFileType = file.xib; path = UICollectionViewControllerXIBSwift.xib; sourceTree = "<group>"; };
		239E8D2521830EB1006209A6 /* UITableViewCellObjective-C.h */ = {isa = PBXFileReference; lastKnownFileType = sourcecode.c.h; path = "UITableViewCellObjective-C.h"; sourceTree = "<group>"; };
		239E8D2621830EB1006209A6 /* UITableViewCellObjective-C.m */ = {isa = PBXFileReference; lastKnownFileType = sourcecode.c.objc; path = "UITableViewCellObjective-C.m"; sourceTree = "<group>"; };
		239E8D2821830EBF006209A6 /* UITableViewCellSwift.swift */ = {isa = PBXFileReference; lastKnownFileType = sourcecode.swift; path = UITableViewCellSwift.swift; sourceTree = "<group>"; };
		239E8D2A21830ECB006209A6 /* UITableViewCellXIBObjective-C.h */ = {isa = PBXFileReference; lastKnownFileType = sourcecode.c.h; path = "UITableViewCellXIBObjective-C.h"; sourceTree = "<group>"; };
		239E8D2B21830ECB006209A6 /* UITableViewCellXIBObjective-C.m */ = {isa = PBXFileReference; lastKnownFileType = sourcecode.c.objc; path = "UITableViewCellXIBObjective-C.m"; sourceTree = "<group>"; };
		239E8D2C21830ECB006209A6 /* UITableViewCellXIBObjective-C.xib */ = {isa = PBXFileReference; lastKnownFileType = file.xib; path = "UITableViewCellXIBObjective-C.xib"; sourceTree = "<group>"; };
		239E8D2F21830EDE006209A6 /* UITableViewCellXIBSwift.swift */ = {isa = PBXFileReference; lastKnownFileType = sourcecode.swift; path = UITableViewCellXIBSwift.swift; sourceTree = "<group>"; };
		239E8D3021830EDE006209A6 /* UITableViewCellXIBSwift.xib */ = {isa = PBXFileReference; lastKnownFileType = file.xib; path = UITableViewCellXIBSwift.xib; sourceTree = "<group>"; };
		239E8D3321830EF2006209A6 /* UITableViewControllerObjective-C.h */ = {isa = PBXFileReference; lastKnownFileType = sourcecode.c.h; path = "UITableViewControllerObjective-C.h"; sourceTree = "<group>"; };
		239E8D3421830EF2006209A6 /* UITableViewControllerObjective-C.m */ = {isa = PBXFileReference; lastKnownFileType = sourcecode.c.objc; path = "UITableViewControllerObjective-C.m"; sourceTree = "<group>"; };
		239E8D3621830EFE006209A6 /* UITableViewControllerSwift.swift */ = {isa = PBXFileReference; lastKnownFileType = sourcecode.swift; path = UITableViewControllerSwift.swift; sourceTree = "<group>"; };
		239E8D3821830F0C006209A6 /* UITableViewControllerXIBObjective-C.h */ = {isa = PBXFileReference; lastKnownFileType = sourcecode.c.h; path = "UITableViewControllerXIBObjective-C.h"; sourceTree = "<group>"; };
		239E8D3921830F0C006209A6 /* UITableViewControllerXIBObjective-C.m */ = {isa = PBXFileReference; lastKnownFileType = sourcecode.c.objc; path = "UITableViewControllerXIBObjective-C.m"; sourceTree = "<group>"; };
		239E8D3A21830F0C006209A6 /* UITableViewControllerXIBObjective-C.xib */ = {isa = PBXFileReference; lastKnownFileType = file.xib; path = "UITableViewControllerXIBObjective-C.xib"; sourceTree = "<group>"; };
		239E8D3D21830F1A006209A6 /* UITableViewControllerXIBSwift.swift */ = {isa = PBXFileReference; lastKnownFileType = sourcecode.swift; path = UITableViewControllerXIBSwift.swift; sourceTree = "<group>"; };
		239E8D3E21830F1A006209A6 /* UITableViewControllerXIBSwift.xib */ = {isa = PBXFileReference; lastKnownFileType = file.xib; path = UITableViewControllerXIBSwift.xib; sourceTree = "<group>"; };
		239E8D4121830F2E006209A6 /* UIViewControllerObjective-C.h */ = {isa = PBXFileReference; lastKnownFileType = sourcecode.c.h; path = "UIViewControllerObjective-C.h"; sourceTree = "<group>"; };
		239E8D4221830F2E006209A6 /* UIViewControllerObjective-C.m */ = {isa = PBXFileReference; lastKnownFileType = sourcecode.c.objc; path = "UIViewControllerObjective-C.m"; sourceTree = "<group>"; };
		239E8D4421830F39006209A6 /* UIViewControllerSwift.swift */ = {isa = PBXFileReference; lastKnownFileType = sourcecode.swift; path = UIViewControllerSwift.swift; sourceTree = "<group>"; };
		239E8D4621830F4A006209A6 /* UIViewControllerXIBObjective-C.h */ = {isa = PBXFileReference; lastKnownFileType = sourcecode.c.h; path = "UIViewControllerXIBObjective-C.h"; sourceTree = "<group>"; };
		239E8D4721830F4A006209A6 /* UIViewControllerXIBObjective-C.m */ = {isa = PBXFileReference; lastKnownFileType = sourcecode.c.objc; path = "UIViewControllerXIBObjective-C.m"; sourceTree = "<group>"; };
		239E8D4821830F4A006209A6 /* UIViewControllerXIBObjective-C.xib */ = {isa = PBXFileReference; lastKnownFileType = file.xib; path = "UIViewControllerXIBObjective-C.xib"; sourceTree = "<group>"; };
		239E8D4B21830F59006209A6 /* UIViewControllerXIBSwift.swift */ = {isa = PBXFileReference; lastKnownFileType = sourcecode.swift; path = UIViewControllerXIBSwift.swift; sourceTree = "<group>"; };
		239E8D4C21830F59006209A6 /* UIViewControllerXIBSwift.xib */ = {isa = PBXFileReference; lastKnownFileType = file.xib; path = UIViewControllerXIBSwift.xib; sourceTree = "<group>"; };
		239E8D4F21830F65006209A6 /* UIViewObjective-C.h */ = {isa = PBXFileReference; lastKnownFileType = sourcecode.c.h; path = "UIViewObjective-C.h"; sourceTree = "<group>"; };
		239E8D5021830F65006209A6 /* UIViewObjective-C.m */ = {isa = PBXFileReference; lastKnownFileType = sourcecode.c.objc; path = "UIViewObjective-C.m"; sourceTree = "<group>"; };
		239E8D5221830F6F006209A6 /* UIViewSwift.swift */ = {isa = PBXFileReference; lastKnownFileType = sourcecode.swift; path = UIViewSwift.swift; sourceTree = "<group>"; };
/* End PBXFileReference section */

/* Begin PBXFrameworksBuildPhase section */
		239E8CB62182F1D5006209A6 /* Frameworks */ = {
			isa = PBXFrameworksBuildPhase;
			buildActionMask = 2147483647;
			files = (
			);
			runOnlyForDeploymentPostprocessing = 0;
		};
/* End PBXFrameworksBuildPhase section */

/* Begin PBXGroup section */
		239E8CB02182F1D5006209A6 = {
			isa = PBXGroup;
			children = (
				239E8CD92182F29D006209A6 /* xctemplate */,
				239E8CBB2182F1D5006209A6 /* xctemplate-example */,
				239E8CBA2182F1D5006209A6 /* Products */,
			);
			sourceTree = "<group>";
		};
		239E8CBA2182F1D5006209A6 /* Products */ = {
			isa = PBXGroup;
			children = (
				239E8CB92182F1D5006209A6 /* xctemplate-example.app */,
			);
			name = Products;
			sourceTree = "<group>";
		};
		239E8CBB2182F1D5006209A6 /* xctemplate-example */ = {
			isa = PBXGroup;
			children = (
				239E8CBC2182F1D5006209A6 /* AppDelegate.swift */,
				239E8CBE2182F1D5006209A6 /* ViewController.swift */,
				239E8CC02182F1D5006209A6 /* Main.storyboard */,
				239E8CC32182F1D6006209A6 /* Assets.xcassets */,
				239E8CC52182F1D6006209A6 /* LaunchScreen.storyboard */,
				239E8CC82182F1D6006209A6 /* Info.plist */,
				239E8CD02182F204006209A6 /* xctemplate-example-Bridging-Header.h */,
			);
			path = "xctemplate-example";
			sourceTree = "<group>";
		};
		239E8CD92182F29D006209A6 /* xctemplate */ = {
			isa = PBXGroup;
			children = (
				239E8CF421830D8A006209A6 /* NSObjectObjective-C.h */,
				239E8CF521830D8A006209A6 /* NSObjectObjective-C.m */,
				239E8CF721830D9C006209A6 /* NSObjectSwift.swift */,
				239E8CFB21830DC7006209A6 /* UICollectionReusableViewObjective-C.h */,
				239E8CFC21830DC7006209A6 /* UICollectionReusableViewObjective-C.m */,
				239E8CFE21830DD3006209A6 /* UICollectionReusableViewSwift.swift */,
				239E8D0021830DE1006209A6 /* UICollectionReusableViewXIBObjective-C.h */,
				239E8D0121830DE1006209A6 /* UICollectionReusableViewXIBObjective-C.m */,
				239E8D0221830DE1006209A6 /* UICollectionReusableViewXIBObjective-C.xib */,
				239E8D0521830DEE006209A6 /* UICollectionReusableViewXIBSwift.swift */,
				239E8D0621830DEE006209A6 /* UICollectionReusableViewXIBSwift.xib */,
				239E8D0921830E00006209A6 /* UICollectionViewCellObjective-C.h */,
				239E8D0A21830E00006209A6 /* UICollectionViewCellObjective-C.m */,
				239E8D0C21830E0C006209A6 /* UICollectionViewCellSwift.swift */,
				239E8D0E21830E1A006209A6 /* UICollectionViewCellXIBObjective-C.h */,
				239E8D0F21830E1A006209A6 /* UICollectionViewCellXIBObjective-C.m */,
				239E8D1021830E1A006209A6 /* UICollectionViewCellXIBObjective-C.xib */,
				239E8D1321830E26006209A6 /* UICollectionViewCellXIBSwift.swift */,
				239E8D1421830E26006209A6 /* UICollectionViewCellXIBSwift.xib */,
				239E8D1721830E37006209A6 /* UICollectionViewControllerObjective-C.h */,
				239E8D1821830E37006209A6 /* UICollectionViewControllerObjective-C.m */,
				239E8D1A21830E44006209A6 /* UICollectionViewControllerSwift.swift */,
				239E8D1C21830E52006209A6 /* UICollectionViewControllerXIBObjective-C.h */,
				239E8D1D21830E52006209A6 /* UICollectionViewControllerXIBObjective-C.m */,
				239E8D1E21830E52006209A6 /* UICollectionViewControllerXIBObjective-C.xib */,
				239E8D2121830E60006209A6 /* UICollectionViewControllerXIBSwift.swift */,
				239E8D2221830E60006209A6 /* UICollectionViewControllerXIBSwift.xib */,
				239E8D2521830EB1006209A6 /* UITableViewCellObjective-C.h */,
				239E8D2621830EB1006209A6 /* UITableViewCellObjective-C.m */,
				239E8D2821830EBF006209A6 /* UITableViewCellSwift.swift */,
				239E8D2A21830ECB006209A6 /* UITableViewCellXIBObjective-C.h */,
				239E8D2B21830ECB006209A6 /* UITableViewCellXIBObjective-C.m */,
				239E8D2C21830ECB006209A6 /* UITableViewCellXIBObjective-C.xib */,
				239E8D2F21830EDE006209A6 /* UITableViewCellXIBSwift.swift */,
				239E8D3021830EDE006209A6 /* UITableViewCellXIBSwift.xib */,
				239E8D3321830EF2006209A6 /* UITableViewControllerObjective-C.h */,
				239E8D3421830EF2006209A6 /* UITableViewControllerObjective-C.m */,
				239E8D3621830EFE006209A6 /* UITableViewControllerSwift.swift */,
				239E8D3821830F0C006209A6 /* UITableViewControllerXIBObjective-C.h */,
				239E8D3921830F0C006209A6 /* UITableViewControllerXIBObjective-C.m */,
				239E8D3A21830F0C006209A6 /* UITableViewControllerXIBObjective-C.xib */,
				239E8D3D21830F1A006209A6 /* UITableViewControllerXIBSwift.swift */,
				239E8D3E21830F1A006209A6 /* UITableViewControllerXIBSwift.xib */,
				239E8D4121830F2E006209A6 /* UIViewControllerObjective-C.h */,
				239E8D4221830F2E006209A6 /* UIViewControllerObjective-C.m */,
				239E8D4421830F39006209A6 /* UIViewControllerSwift.swift */,
				239E8D4621830F4A006209A6 /* UIViewControllerXIBObjective-C.h */,
				239E8D4721830F4A006209A6 /* UIViewControllerXIBObjective-C.m */,
				239E8D4821830F4A006209A6 /* UIViewControllerXIBObjective-C.xib */,
				239E8D4B21830F59006209A6 /* UIViewControllerXIBSwift.swift */,
				239E8D4C21830F59006209A6 /* UIViewControllerXIBSwift.xib */,
				239E8D4F21830F65006209A6 /* UIViewObjective-C.h */,
				239E8D5021830F65006209A6 /* UIViewObjective-C.m */,
				239E8D5221830F6F006209A6 /* UIViewSwift.swift */,
			);
			path = xctemplate;
			sourceTree = "<group>";
		};
/* End PBXGroup section */

/* Begin PBXNativeTarget section */
		239E8CB82182F1D5006209A6 /* xctemplate-example */ = {
			isa = PBXNativeTarget;
			buildConfigurationList = 239E8CCB2182F1D6006209A6 /* Build configuration list for PBXNativeTarget "xctemplate-example" */;
			buildPhases = (
				239E8CB52182F1D5006209A6 /* Sources */,
				239E8CB62182F1D5006209A6 /* Frameworks */,
				239E8CB72182F1D5006209A6 /* Resources */,
			);
			buildRules = (
			);
			dependencies = (
			);
			name = "xctemplate-example";
			productName = "xctemplate-example";
			productReference = 239E8CB92182F1D5006209A6 /* xctemplate-example.app */;
			productType = "com.apple.product-type.application";
		};
/* End PBXNativeTarget section */

/* Begin PBXProject section */
		239E8CB12182F1D5006209A6 /* Project object */ = {
			isa = PBXProject;
			attributes = {
				LastSwiftUpdateCheck = 0940;
				LastUpgradeCheck = 0940;
				ORGANIZATIONNAME = BANYAN;
				TargetAttributes = {
					239E8CB82182F1D5006209A6 = {
						CreatedOnToolsVersion = 9.4.1;
						LastSwiftMigration = 0940;
					};
				};
			};
			buildConfigurationList = 239E8CB42182F1D5006209A6 /* Build configuration list for PBXProject "xctemplate-example" */;
			compatibilityVersion = "Xcode 9.3";
			developmentRegion = en;
			hasScannedForEncodings = 0;
			knownRegions = (
				en,
				Base,
			);
			mainGroup = 239E8CB02182F1D5006209A6;
			productRefGroup = 239E8CBA2182F1D5006209A6 /* Products */;
			projectDirPath = "";
			projectRoot = "";
			targets = (
				239E8CB82182F1D5006209A6 /* xctemplate-example */,
			);
		};
/* End PBXProject section */

/* Begin PBXResourcesBuildPhase section */
		239E8CB72182F1D5006209A6 /* Resources */ = {
			isa = PBXResourcesBuildPhase;
			buildActionMask = 2147483647;
			files = (
				239E8D3221830EDE006209A6 /* UITableViewCellXIBSwift.xib in Resources */,
				239E8D1221830E1A006209A6 /* UICollectionViewCellXIBObjective-C.xib in Resources */,
				239E8D4A21830F4A006209A6 /* UIViewControllerXIBObjective-C.xib in Resources */,
				239E8D0821830DEE006209A6 /* UICollectionReusableViewXIBSwift.xib in Resources */,
				239E8D4E21830F59006209A6 /* UIViewControllerXIBSwift.xib in Resources */,
				239E8D2421830E60006209A6 /* UICollectionViewControllerXIBSwift.xib in Resources */,
				239E8D2E21830ECB006209A6 /* UITableViewCellXIBObjective-C.xib in Resources */,
				239E8D4021830F1A006209A6 /* UITableViewControllerXIBSwift.xib in Resources */,
				239E8CC72182F1D6006209A6 /* LaunchScreen.storyboard in Resources */,
				239E8D0421830DE1006209A6 /* UICollectionReusableViewXIBObjective-C.xib in Resources */,
				239E8D2021830E52006209A6 /* UICollectionViewControllerXIBObjective-C.xib in Resources */,
				239E8D1621830E26006209A6 /* UICollectionViewCellXIBSwift.xib in Resources */,
				239E8CC42182F1D6006209A6 /* Assets.xcassets in Resources */,
				239E8CC22182F1D5006209A6 /* Main.storyboard in Resources */,
				239E8D3C21830F0C006209A6 /* UITableViewControllerXIBObjective-C.xib in Resources */,
			);
			runOnlyForDeploymentPostprocessing = 0;
		};
/* End PBXResourcesBuildPhase section */

/* Begin PBXSourcesBuildPhase section */
		239E8CB52182F1D5006209A6 /* Sources */ = {
			isa = PBXSourcesBuildPhase;
			buildActionMask = 2147483647;
			files = (
				239E8D1921830E37006209A6 /* UICollectionViewControllerObjective-C.m in Sources */,
				239E8D3121830EDE006209A6 /* UITableViewCellXIBSwift.swift in Sources */,
				239E8D2D21830ECB006209A6 /* UITableViewCellXIBObjective-C.m in Sources */,
				239E8CBF2182F1D5006209A6 /* ViewController.swift in Sources */,
				239E8D1B21830E44006209A6 /* UICollectionViewControllerSwift.swift in Sources */,
				239E8D4321830F2E006209A6 /* UIViewControllerObjective-C.m in Sources */,
				239E8D5121830F65006209A6 /* UIViewObjective-C.m in Sources */,
				239E8D0B21830E00006209A6 /* UICollectionViewCellObjective-C.m in Sources */,
				239E8D3721830EFE006209A6 /* UITableViewControllerSwift.swift in Sources */,
				239E8D1521830E26006209A6 /* UICollectionViewCellXIBSwift.swift in Sources */,
				239E8D2921830EBF006209A6 /* UITableViewCellSwift.swift in Sources */,
				239E8D0721830DEE006209A6 /* UICollectionReusableViewXIBSwift.swift in Sources */,
				239E8CFD21830DC7006209A6 /* UICollectionReusableViewObjective-C.m in Sources */,
				239E8D1121830E1A006209A6 /* UICollectionViewCellXIBObjective-C.m in Sources */,
				239E8D0D21830E0C006209A6 /* UICollectionViewCellSwift.swift in Sources */,
				239E8D4921830F4A006209A6 /* UIViewControllerXIBObjective-C.m in Sources */,
				239E8CBD2182F1D5006209A6 /* AppDelegate.swift in Sources */,
				239E8CFF21830DD3006209A6 /* UICollectionReusableViewSwift.swift in Sources */,
				239E8CF621830D8A006209A6 /* NSObjectObjective-C.m in Sources */,
				239E8D3521830EF2006209A6 /* UITableViewControllerObjective-C.m in Sources */,
				239E8D2321830E60006209A6 /* UICollectionViewControllerXIBSwift.swift in Sources */,
				239E8CF821830D9C006209A6 /* NSObjectSwift.swift in Sources */,
				239E8D4521830F39006209A6 /* UIViewControllerSwift.swift in Sources */,
				239E8D4D21830F59006209A6 /* UIViewControllerXIBSwift.swift in Sources */,
				239E8D3F21830F1A006209A6 /* UITableViewControllerXIBSwift.swift in Sources */,
				239E8D2721830EB1006209A6 /* UITableViewCellObjective-C.m in Sources */,
				239E8D5321830F6F006209A6 /* UIViewSwift.swift in Sources */,
				239E8D1F21830E52006209A6 /* UICollectionViewControllerXIBObjective-C.m in Sources */,
				239E8D0321830DE1006209A6 /* UICollectionReusableViewXIBObjective-C.m in Sources */,
				239E8D3B21830F0C006209A6 /* UITableViewControllerXIBObjective-C.m in Sources */,
			);
			runOnlyForDeploymentPostprocessing = 0;
		};
/* End PBXSourcesBuildPhase section */

/* Begin PBXVariantGroup section */
		239E8CC02182F1D5006209A6 /* Main.storyboard */ = {
			isa = PBXVariantGroup;
			children = (
				239E8CC12182F1D5006209A6 /* Base */,
			);
			name = Main.storyboard;
			sourceTree = "<group>";
		};
		239E8CC52182F1D6006209A6 /* LaunchScreen.storyboard */ = {
			isa = PBXVariantGroup;
			children = (
				239E8CC62182F1D6006209A6 /* Base */,
			);
			name = LaunchScreen.storyboard;
			sourceTree = "<group>";
		};
/* End PBXVariantGroup section */

/* Begin XCBuildConfiguration section */
		239E8CC92182F1D6006209A6 /* Debug */ = {
			isa = XCBuildConfiguration;
			buildSettings = {
				ALWAYS_SEARCH_USER_PATHS = NO;
				CLANG_ANALYZER_NONNULL = YES;
				CLANG_ANALYZER_NUMBER_OBJECT_CONVERSION = YES_AGGRESSIVE;
				CLANG_CXX_LANGUAGE_STANDARD = "gnu++14";
				CLANG_CXX_LIBRARY = "libc++";
				CLANG_ENABLE_MODULES = YES;
				CLANG_ENABLE_OBJC_ARC = YES;
				CLANG_ENABLE_OBJC_WEAK = YES;
				CLANG_WARN_BLOCK_CAPTURE_AUTORELEASING = YES;
				CLANG_WARN_BOOL_CONVERSION = YES;
				CLANG_WARN_COMMA = YES;
				CLANG_WARN_CONSTANT_CONVERSION = YES;
				CLANG_WARN_DEPRECATED_OBJC_IMPLEMENTATIONS = YES;
				CLANG_WARN_DIRECT_OBJC_ISA_USAGE = YES_ERROR;
				CLANG_WARN_DOCUMENTATION_COMMENTS = YES;
				CLANG_WARN_EMPTY_BODY = YES;
				CLANG_WARN_ENUM_CONVERSION = YES;
				CLANG_WARN_INFINITE_RECURSION = YES;
				CLANG_WARN_INT_CONVERSION = YES;
				CLANG_WARN_NON_LITERAL_NULL_CONVERSION = YES;
				CLANG_WARN_OBJC_IMPLICIT_RETAIN_SELF = YES;
				CLANG_WARN_OBJC_LITERAL_CONVERSION = YES;
				CLANG_WARN_OBJC_ROOT_CLASS = YES_ERROR;
				CLANG_WARN_RANGE_LOOP_ANALYSIS = YES;
				CLANG_WARN_STRICT_PROTOTYPES = YES;
				CLANG_WARN_SUSPICIOUS_MOVE = YES;
				CLANG_WARN_UNGUARDED_AVAILABILITY = YES_AGGRESSIVE;
				CLANG_WARN_UNREACHABLE_CODE = YES;
				CLANG_WARN__DUPLICATE_METHOD_MATCH = YES;
				CODE_SIGN_IDENTITY = "iPhone Developer";
				COPY_PHASE_STRIP = NO;
				DEBUG_INFORMATION_FORMAT = dwarf;
				ENABLE_STRICT_OBJC_MSGSEND = YES;
				ENABLE_TESTABILITY = YES;
				GCC_C_LANGUAGE_STANDARD = gnu11;
				GCC_DYNAMIC_NO_PIC = NO;
				GCC_NO_COMMON_BLOCKS = YES;
				GCC_OPTIMIZATION_LEVEL = 0;
				GCC_PREPROCESSOR_DEFINITIONS = (
					"DEBUG=1",
					"$(inherited)",
				);
				GCC_WARN_64_TO_32_BIT_CONVERSION = YES;
				GCC_WARN_ABOUT_RETURN_TYPE = YES_ERROR;
				GCC_WARN_UNDECLARED_SELECTOR = YES;
				GCC_WARN_UNINITIALIZED_AUTOS = YES_AGGRESSIVE;
				GCC_WARN_UNUSED_FUNCTION = YES;
				GCC_WARN_UNUSED_VARIABLE = YES;
				IPHONEOS_DEPLOYMENT_TARGET = 11.4;
				MTL_ENABLE_DEBUG_INFO = YES;
				ONLY_ACTIVE_ARCH = YES;
				SDKROOT = iphoneos;
				SWIFT_ACTIVE_COMPILATION_CONDITIONS = DEBUG;
				SWIFT_OPTIMIZATION_LEVEL = "-Onone";
			};
			name = Debug;
		};
		239E8CCA2182F1D6006209A6 /* Release */ = {
			isa = XCBuildConfiguration;
			buildSettings = {
				ALWAYS_SEARCH_USER_PATHS = NO;
				CLANG_ANALYZER_NONNULL = YES;
				CLANG_ANALYZER_NUMBER_OBJECT_CONVERSION = YES_AGGRESSIVE;
				CLANG_CXX_LANGUAGE_STANDARD = "gnu++14";
				CLANG_CXX_LIBRARY = "libc++";
				CLANG_ENABLE_MODULES = YES;
				CLANG_ENABLE_OBJC_ARC = YES;
				CLANG_ENABLE_OBJC_WEAK = YES;
				CLANG_WARN_BLOCK_CAPTURE_AUTORELEASING = YES;
				CLANG_WARN_BOOL_CONVERSION = YES;
				CLANG_WARN_COMMA = YES;
				CLANG_WARN_CONSTANT_CONVERSION = YES;
				CLANG_WARN_DEPRECATED_OBJC_IMPLEMENTATIONS = YES;
				CLANG_WARN_DIRECT_OBJC_ISA_USAGE = YES_ERROR;
				CLANG_WARN_DOCUMENTATION_COMMENTS = YES;
				CLANG_WARN_EMPTY_BODY = YES;
				CLANG_WARN_ENUM_CONVERSION = YES;
				CLANG_WARN_INFINITE_RECURSION = YES;
				CLANG_WARN_INT_CONVERSION = YES;
				CLANG_WARN_NON_LITERAL_NULL_CONVERSION = YES;
				CLANG_WARN_OBJC_IMPLICIT_RETAIN_SELF = YES;
				CLANG_WARN_OBJC_LITERAL_CONVERSION = YES;
				CLANG_WARN_OBJC_ROOT_CLASS = YES_ERROR;
				CLANG_WARN_RANGE_LOOP_ANALYSIS = YES;
				CLANG_WARN_STRICT_PROTOTYPES = YES;
				CLANG_WARN_SUSPICIOUS_MOVE = YES;
				CLANG_WARN_UNGUARDED_AVAILABILITY = YES_AGGRESSIVE;
				CLANG_WARN_UNREACHABLE_CODE = YES;
				CLANG_WARN__DUPLICATE_METHOD_MATCH = YES;
				CODE_SIGN_IDENTITY = "iPhone Developer";
				COPY_PHASE_STRIP = NO;
				DEBUG_INFORMATION_FORMAT = "dwarf-with-dsym";
				ENABLE_NS_ASSERTIONS = NO;
				ENABLE_STRICT_OBJC_MSGSEND = YES;
				GCC_C_LANGUAGE_STANDARD = gnu11;
				GCC_NO_COMMON_BLOCKS = YES;
				GCC_WARN_64_TO_32_BIT_CONVERSION = YES;
				GCC_WARN_ABOUT_RETURN_TYPE = YES_ERROR;
				GCC_WARN_UNDECLARED_SELECTOR = YES;
				GCC_WARN_UNINITIALIZED_AUTOS = YES_AGGRESSIVE;
				GCC_WARN_UNUSED_FUNCTION = YES;
				GCC_WARN_UNUSED_VARIABLE = YES;
				IPHONEOS_DEPLOYMENT_TARGET = 11.4;
				MTL_ENABLE_DEBUG_INFO = NO;
				SDKROOT = iphoneos;
				SWIFT_COMPILATION_MODE = wholemodule;
				SWIFT_OPTIMIZATION_LEVEL = "-O";
				VALIDATE_PRODUCT = YES;
			};
			name = Release;
		};
		239E8CCC2182F1D6006209A6 /* Debug */ = {
			isa = XCBuildConfiguration;
			buildSettings = {
				ASSETCATALOG_COMPILER_APPICON_NAME = AppIcon;
				CLANG_ENABLE_MODULES = YES;
				CODE_SIGN_STYLE = Automatic;
				DEVELOPMENT_TEAM = W335NUPQPJ;
				INFOPLIST_FILE = "xctemplate-example/Info.plist";
				LD_RUNPATH_SEARCH_PATHS = (
					"$(inherited)",
					"@executable_path/Frameworks",
				);
				PRODUCT_BUNDLE_IDENTIFIER = "com.BANYAN.xctemplate-example";
				PRODUCT_NAME = "$(TARGET_NAME)";
				SWIFT_OBJC_BRIDGING_HEADER = "xctemplate-example/xctemplate-example-Bridging-Header.h";
				SWIFT_OPTIMIZATION_LEVEL = "-Onone";
				SWIFT_VERSION = 4.0;
				TARGETED_DEVICE_FAMILY = "1,2";
			};
			name = Debug;
		};
		239E8CCD2182F1D6006209A6 /* Release */ = {
			isa = XCBuildConfiguration;
			buildSettings = {
				ASSETCATALOG_COMPILER_APPICON_NAME = AppIcon;
				CLANG_ENABLE_MODULES = YES;
				CODE_SIGN_STYLE = Automatic;
				DEVELOPMENT_TEAM = W335NUPQPJ;
				INFOPLIST_FILE = "xctemplate-example/Info.plist";
				LD_RUNPATH_SEARCH_PATHS = (
					"$(inherited)",
					"@executable_path/Frameworks",
				);
				PRODUCT_BUNDLE_IDENTIFIER = "com.BANYAN.xctemplate-example";
				PRODUCT_NAME = "$(TARGET_NAME)";
				SWIFT_OBJC_BRIDGING_HEADER = "xctemplate-example/xctemplate-example-Bridging-Header.h";
				SWIFT_VERSION = 4.0;
				TARGETED_DEVICE_FAMILY = "1,2";
			};
			name = Release;
		};
/* End XCBuildConfiguration section */

/* Begin XCConfigurationList section */
		239E8CB42182F1D5006209A6 /* Build configuration list for PBXProject "xctemplate-example" */ = {
			isa = XCConfigurationList;
			buildConfigurations = (
				239E8CC92182F1D6006209A6 /* Debug */,
				239E8CCA2182F1D6006209A6 /* Release */,
			);
			defaultConfigurationIsVisible = 0;
			defaultConfigurationName = Release;
		};
		239E8CCB2182F1D6006209A6 /* Build configuration list for PBXNativeTarget "xctemplate-example" */ = {
			isa = XCConfigurationList;
			buildConfigurations = (
				239E8CCC2182F1D6006209A6 /* Debug */,
				239E8CCD2182F1D6006209A6 /* Release */,
			);
			defaultConfigurationIsVisible = 0;
			defaultConfigurationName = Release;
		};
/* End XCConfigurationList section */
	};
	rootObject = 239E8CB12182F1D5006209A6 /* Project object */;
}
